# THIS IS AN AUTOGENERATED FILE. DO NOT EDIT THIS FILE DIRECTLY.
# yarn lockfile v1


"@nger/decorator@^1.0.0":
  version "1.0.0"
  resolved "https://registry.yarnpkg.com/@nger/decorator/-/decorator-1.0.0.tgz#d8c006f54d7d3357b3c18c131b3bf4124fe35185"
  integrity sha512-zO6mKBlnvv3wppS794vK6X5oILiOaQ87mY/33ShPvl8d52Q2rK2kHghJ56wJSlgPJDjQhJihwwnn4xlhWtmWhA==
  dependencies:
    reflect-metadata "^0.1.13"

reflect-metadata@^0.1.13:
  version "0.1.13"
  resolved "https://registry.yarnpkg.com/reflect-metadata/-/reflect-metadata-0.1.13.tgz#67ae3ca57c972a2aa1642b10fe363fe32d49dc08"
  integrity sha512-Ts1Y/anZELhSsjMcU605fU9RE4Oi3p5ORujwbIKXfWa+0Zxs510Qrmrce5/Jowq3cHSZSJqBjypxmHarc+vEWg==
